
Microsoft Visual Studio Solution File, Format Version 12.00
# Visual Studio Version 17
VisualStudioVersion = 17.13.35818.85 d17.13
MinimumVisualStudioVersion = 10.0.40219.1
Project("{FAE04EC0-301F-11D3-BF4B-00C04F79EFBC}") = "TahoTibor", "TahoTibor\TahoTibor.csproj", "{940C7A0C-B6B9-435C-85FE-9ACE2F0D5401}"
EndProject
Global
	GlobalSection(SolutionConfigurationPlatforms) = preSolution
		Debug|Any CPU = Debug|Any CPU
		Release|Any CPU = Release|Any CPU
	EndGlobalSection
	GlobalSection(ProjectConfigurationPlatforms) = postSolution
		{940C7A0C-B6B9-435C-85FE-9ACE2F0D5401}.Debug|Any CPU.ActiveCfg = Debug|Any CPU
		{940C7A0C-B6B9-435C-85FE-9ACE2F0D5401}.Debug|Any CPU.Build.0 = Debug|Any CPU
		{940C7A0C-B6B9-435C-85FE-9ACE2F0D5401}.Release|Any CPU.ActiveCfg = Release|Any CPU
		{940C7A0C-B6B9-435C-85FE-9ACE2F0D5401}.Release|Any CPU.Build.0 = Release|Any CPU
	EndGlobalSection
	GlobalSection(SolutionProperties) = preSolution
		HideSolutionNode = FALSE
	EndGlobalSection
	GlobalSection(ExtensibilityGlobals) = postSolution
		SolutionGuid = {DAD5C63D-8292-4AAF-B0BB-E83B1BA82C3D}
	EndGlobalSection
EndGlobal
